
Microsoft Visual Studio Solution File, Format Version 12.00
# Visual Studio Version 17
VisualStudioVersion = 17.2.32630.192
MinimumVisualStudioVersion = 10.0.40219.1
Project("{FAE04EC0-301F-11D3-BF4B-00C04F79EFBC}") = "University", "University.csproj", "{B8D2FEB3-6691-454B-9BC2-A15D49219D9A}"
EndProject
Global
	GlobalSection(SolutionConfigurationPlatforms) = preSolution
		Debug|Any CPU = Debug|Any CPU
		Release|Any CPU = Release|Any CPU
	EndGlobalSection
	GlobalSection(ProjectConfigurationPlatforms) = postSolution
		{B8D2FEB3-6691-454B-9BC2-A15D49219D9A}.Debug|Any CPU.ActiveCfg = Debug|Any CPU
		{B8D2FEB3-6691-454B-9BC2-A15D49219D9A}.Debug|Any CPU.Build.0 = Debug|Any CPU
		{B8D2FEB3-6691-454B-9BC2-A15D49219D9A}.Release|Any CPU.ActiveCfg = Release|Any CPU
		{B8D2FEB3-6691-454B-9BC2-A15D49219D9A}.Release|Any CPU.Build.0 = Release|Any CPU
	EndGlobalSection
	GlobalSection(SolutionProperties) = preSolution
		HideSolutionNode = FALSE
	EndGlobalSection
	GlobalSection(ExtensibilityGlobals) = postSolution
		SolutionGuid = {825D5768-2563-4958-BB35-AB9BDA8E5996}
	EndGlobalSection
EndGlobal
